
Microsoft Visual Studio Solution File, Format Version 12.00
# Visual Studio Version 16
VisualStudioVersion = 16.0.30804.86
MinimumVisualStudioVersion = 10.0.40219.1
Project("{9A19103F-16F7-4668-BE54-9A1E7A4F7556}") = "UlasBlog.WebUI", "UlasBlog.WebUI\UlasBlog.WebUI.csproj", "{4B693EE5-597C-40A0-BFB7-D7EBC8D5AED8}"
EndProject
Project("{9A19103F-16F7-4668-BE54-9A1E7A4F7556}") = "UlasBlog.Data", "UlasBlog.Data\UlasBlog.Data.csproj", "{90C926C8-7F80-4413-857D-01EFC9A60BB1}"
	ProjectSection(ProjectDependencies) = postProject
		{EF70822E-5337-477A-8651-3D47FED1F7E1} = {EF70822E-5337-477A-8651-3D47FED1F7E1}
	EndProjectSection
EndProject
Project("{9A19103F-16F7-4668-BE54-9A1E7A4F7556}") = "UlasBlog.Entity", "UlasBlog.Entity\UlasBlog.Entity.csproj", "{EF70822E-5337-477A-8651-3D47FED1F7E1}"
EndProject
Global
	GlobalSection(SolutionConfigurationPlatforms) = preSolution
		Debug|Any CPU = Debug|Any CPU
		Release|Any CPU = Release|Any CPU
	EndGlobalSection
	GlobalSection(ProjectConfigurationPlatforms) = postSolution
		{4B693EE5-597C-40A0-BFB7-D7EBC8D5AED8}.Debug|Any CPU.ActiveCfg = Debug|Any CPU
		{4B693EE5-597C-40A0-BFB7-D7EBC8D5AED8}.Debug|Any CPU.Build.0 = Debug|Any CPU
		{4B693EE5-597C-40A0-BFB7-D7EBC8D5AED8}.Release|Any CPU.ActiveCfg = Release|Any CPU
		{4B693EE5-597C-40A0-BFB7-D7EBC8D5AED8}.Release|Any CPU.Build.0 = Release|Any CPU
		{90C926C8-7F80-4413-857D-01EFC9A60BB1}.Debug|Any CPU.ActiveCfg = Debug|Any CPU
		{90C926C8-7F80-4413-857D-01EFC9A60BB1}.Debug|Any CPU.Build.0 = Debug|Any CPU
		{90C926C8-7F80-4413-857D-01EFC9A60BB1}.Release|Any CPU.ActiveCfg = Release|Any CPU
		{90C926C8-7F80-4413-857D-01EFC9A60BB1}.Release|Any CPU.Build.0 = Release|Any CPU
		{EF70822E-5337-477A-8651-3D47FED1F7E1}.Debug|Any CPU.ActiveCfg = Debug|Any CPU
		{EF70822E-5337-477A-8651-3D47FED1F7E1}.Debug|Any CPU.Build.0 = Debug|Any CPU
		{EF70822E-5337-477A-8651-3D47FED1F7E1}.Release|Any CPU.ActiveCfg = Release|Any CPU
		{EF70822E-5337-477A-8651-3D47FED1F7E1}.Release|Any CPU.Build.0 = Release|Any CPU
	EndGlobalSection
	GlobalSection(SolutionProperties) = preSolution
		HideSolutionNode = FALSE
	EndGlobalSection
	GlobalSection(ExtensibilityGlobals) = postSolution
		SolutionGuid = {08D9EC07-E47C-4C6D-870F-DD1865E967B9}
	EndGlobalSection
EndGlobal
